
Microsoft Visual Studio Solution File, Format Version 12.00
# Visual Studio 15
VisualStudioVersion = 15.0.26730.8
MinimumVisualStudioVersion = 10.0.40219.1
Project("{FAE04EC0-301F-11D3-BF4B-00C04F79EFBC}") = "Pruebas1", "Pruebas1\Pruebas1.csproj", "{F5BFF345-E9DB-4CB8-BB31-CFD7BEC33BD7}"
EndProject
Global
	GlobalSection(SolutionConfigurationPlatforms) = preSolution
		Debug|Any CPU = Debug|Any CPU
		Release|Any CPU = Release|Any CPU
	EndGlobalSection
	GlobalSection(ProjectConfigurationPlatforms) = postSolution
		{F5BFF345-E9DB-4CB8-BB31-CFD7BEC33BD7}.Debug|Any CPU.ActiveCfg = Debug|Any CPU
		{F5BFF345-E9DB-4CB8-BB31-CFD7BEC33BD7}.Debug|Any CPU.Build.0 = Debug|Any CPU
		{F5BFF345-E9DB-4CB8-BB31-CFD7BEC33BD7}.Release|Any CPU.ActiveCfg = Release|Any CPU
		{F5BFF345-E9DB-4CB8-BB31-CFD7BEC33BD7}.Release|Any CPU.Build.0 = Release|Any CPU
	EndGlobalSection
	GlobalSection(SolutionProperties) = preSolution
		HideSolutionNode = FALSE
	EndGlobalSection
	GlobalSection(ExtensibilityGlobals) = postSolution
		SolutionGuid = {27AC1A16-2680-4E78-A4F6-E1C388434739}
	EndGlobalSection
EndGlobal
